// !$*UTF8*$!
{
	archiveVersion = 1;
	classes = {
	};
	objectVersion = 50;
	objects = {

/* Begin PBXBuildFile section */
		7E751F4C2277B330009E5A87 /* Vector.swift in Sources */ = {isa = PBXBuildFile; fileRef = 7E751F462277B330009E5A87 /* Vector.swift */; };
		7E751F4D2277B330009E5A87 /* ObjectiveEvaluator.swift in Sources */ = {isa = PBXBuildFile; fileRef = 7E751F472277B330009E5A87 /* ObjectiveEvaluator.swift */; };
		7E751F4E2277B330009E5A87 /* CMAES.swift in Sources */ = {isa = PBXBuildFile; fileRef = 7E751F482277B330009E5A87 /* CMAES.swift */; };
		7E751F4F2277B330009E5A87 /* Double+ProbabilityDistributions.swift in Sources */ = {isa = PBXBuildFile; fileRef = 7E751F492277B330009E5A87 /* Double+ProbabilityDistributions.swift */; };
		7E751F502277B330009E5A87 /* DecomposingPositiveDefiniteMatrix.swift in Sources */ = {isa = PBXBuildFile; fileRef = 7E751F4A2277B330009E5A87 /* DecomposingPositiveDefiniteMatrix.swift */; };
		7E751F512277B330009E5A87 /* EigenDecomposition.swift in Sources */ = {isa = PBXBuildFile; fileRef = 7E751F4B2277B330009E5A87 /* EigenDecomposition.swift */; };
		7E751F632277B369009E5A87 /* ViewController.swift in Sources */ = {isa = PBXBuildFile; fileRef = 7E751F5E2277B369009E5A87 /* ViewController.swift */; };
		7E751F642277B369009E5A87 /* Assets.xcassets in Resources */ = {isa = PBXBuildFile; fileRef = 7E751F5F2277B369009E5A87 /* Assets.xcassets */; };
		7E751F652277B369009E5A87 /* AppDelegate.swift in Sources */ = {isa = PBXBuildFile; fileRef = 7E751F602277B369009E5A87 /* AppDelegate.swift */; };
		7E751F6A2277B384009E5A87 /* Main.storyboard in Resources */ = {isa = PBXBuildFile; fileRef = 7E751F682277B384009E5A87 /* Main.storyboard */; };
		7E751F6C2277B3AC009E5A87 /* EigenDecompositionTests.swift in Sources */ = {isa = PBXBuildFile; fileRef = 7E751F522277B34E009E5A87 /* EigenDecompositionTests.swift */; };
		7E751F6D2277B3AC009E5A87 /* LinearAlgebraTests.swift in Sources */ = {isa = PBXBuildFile; fileRef = 7E751F542277B34E009E5A87 /* LinearAlgebraTests.swift */; };
		7E751F702277BC32009E5A87 /* Matrix.swift in Sources */ = {isa = PBXBuildFile; fileRef = 7E751F6F2277BC32009E5A87 /* Matrix.swift */; };
		7E751F722277BC7D009E5A87 /* Utilities.swift in Sources */ = {isa = PBXBuildFile; fileRef = 7E751F712277BC7D009E5A87 /* Utilities.swift */; };
/* End PBXBuildFile section */

/* Begin PBXContainerItemProxy section */
		7E751E82226251EF009E5A87 /* PBXContainerItemProxy */ = {
			isa = PBXContainerItemProxy;
			containerPortal = 7E751E67226251EC009E5A87 /* Project object */;
			proxyType = 1;
			remoteGlobalIDString = 7E751E6E226251EC009E5A87;
			remoteInfo = SwiftCMAES;
		};
/* End PBXContainerItemProxy section */

/* Begin PBXFileReference section */
		7E751E6F226251EC009E5A87 /* SwiftCMAES.app */ = {isa = PBXFileReference; explicitFileType = wrapper.application; includeInIndex = 0; path = SwiftCMAES.app; sourceTree = BUILT_PRODUCTS_DIR; };
		7E751E81226251EF009E5A87 /* SwiftCMAESTests.xctest */ = {isa = PBXFileReference; explicitFileType = wrapper.cfbundle; includeInIndex = 0; path = SwiftCMAESTests.xctest; sourceTree = BUILT_PRODUCTS_DIR; };
		7E751F462277B330009E5A87 /* Vector.swift */ = {isa = PBXFileReference; fileEncoding = 4; lastKnownFileType = sourcecode.swift; path = Vector.swift; sourceTree = "<group>"; };
		7E751F472277B330009E5A87 /* ObjectiveEvaluator.swift */ = {isa = PBXFileReference; fileEncoding = 4; lastKnownFileType = sourcecode.swift; path = ObjectiveEvaluator.swift; sourceTree = "<group>"; };
		7E751F482277B330009E5A87 /* CMAES.swift */ = {isa = PBXFileReference; fileEncoding = 4; lastKnownFileType = sourcecode.swift; path = CMAES.swift; sourceTree = "<group>"; };
		7E751F492277B330009E5A87 /* Double+ProbabilityDistributions.swift */ = {isa = PBXFileReference; fileEncoding = 4; lastKnownFileType = sourcecode.swift; path = "Double+ProbabilityDistributions.swift"; sourceTree = "<group>"; };
		7E751F4A2277B330009E5A87 /* DecomposingPositiveDefiniteMatrix.swift */ = {isa = PBXFileReference; fileEncoding = 4; lastKnownFileType = sourcecode.swift; path = DecomposingPositiveDefiniteMatrix.swift; sourceTree = "<group>"; };
		7E751F4B2277B330009E5A87 /* EigenDecomposition.swift */ = {isa = PBXFileReference; fileEncoding = 4; lastKnownFileType = sourcecode.swift; path = EigenDecomposition.swift; sourceTree = "<group>"; };
		7E751F522277B34E009E5A87 /* EigenDecompositionTests.swift */ = {isa = PBXFileReference; fileEncoding = 4; lastKnownFileType = sourcecode.swift; path = EigenDecompositionTests.swift; sourceTree = "<group>"; };
		7E751F532277B34E009E5A87 /* Info.plist */ = {isa = PBXFileReference; fileEncoding = 4; lastKnownFileType = text.plist.xml; path = Info.plist; sourceTree = "<group>"; };
		7E751F542277B34E009E5A87 /* LinearAlgebraTests.swift */ = {isa = PBXFileReference; fileEncoding = 4; lastKnownFileType = sourcecode.swift; path = LinearAlgebraTests.swift; sourceTree = "<group>"; };
		7E751F5D2277B369009E5A87 /* SwiftCMAES.entitlements */ = {isa = PBXFileReference; fileEncoding = 4; lastKnownFileType = text.plist.entitlements; path = SwiftCMAES.entitlements; sourceTree = "<group>"; };
		7E751F5E2277B369009E5A87 /* ViewController.swift */ = {isa = PBXFileReference; fileEncoding = 4; lastKnownFileType = sourcecode.swift; path = ViewController.swift; sourceTree = "<group>"; };
		7E751F5F2277B369009E5A87 /* Assets.xcassets */ = {isa = PBXFileReference; lastKnownFileType = folder.assetcatalog; path = Assets.xcassets; sourceTree = "<group>"; };
		7E751F602277B369009E5A87 /* AppDelegate.swift */ = {isa = PBXFileReference; fileEncoding = 4; lastKnownFileType = sourcecode.swift; path = AppDelegate.swift; sourceTree = "<group>"; };
		7E751F612277B369009E5A87 /* Info.plist */ = {isa = PBXFileReference; fileEncoding = 4; lastKnownFileType = text.plist.xml; path = Info.plist; sourceTree = "<group>"; };
		7E751F692277B384009E5A87 /* Base */ = {isa = PBXFileReference; lastKnownFileType = file.storyboard; name = Base; path = Main.storyboard; sourceTree = "<group>"; };
		7E751F6F2277BC32009E5A87 /* Matrix.swift */ = {isa = PBXFileReference; lastKnownFileType = sourcecode.swift; path = Matrix.swift; sourceTree = "<group>"; };
		7E751F712277BC7D009E5A87 /* Utilities.swift */ = {isa = PBXFileReference; lastKnownFileType = sourcecode.swift; path = Utilities.swift; sourceTree = "<group>"; };
		7E751F732277C075009E5A87 /* README.md */ = {isa = PBXFileReference; fileEncoding = 4; lastKnownFileType = net.daringfireball.markdown; path = README.md; sourceTree = "<group>"; };
		7E751F742277C075009E5A87 /* LICENSE */ = {isa = PBXFileReference; fileEncoding = 4; lastKnownFileType = text; path = LICENSE; sourceTree = "<group>"; };
/* End PBXFileReference section */

/* Begin PBXFrameworksBuildPhase section */
		7E751E6C226251EC009E5A87 /* Frameworks */ = {
			isa = PBXFrameworksBuildPhase;
			buildActionMask = 2147483647;
			files = (
			);
			runOnlyForDeploymentPostprocessing = 0;
		};
		7E751E7E226251EF009E5A87 /* Frameworks */ = {
			isa = PBXFrameworksBuildPhase;
			buildActionMask = 2147483647;
			files = (
			);
			runOnlyForDeploymentPostprocessing = 0;
		};
/* End PBXFrameworksBuildPhase section */

/* Begin PBXGroup section */
		7E751E66226251EC009E5A87 = {
			isa = PBXGroup;
			children = (
				7E751F732277C075009E5A87 /* README.md */,
				7E751F742277C075009E5A87 /* LICENSE */,
				7E751F432277B28E009E5A87 /* App */,
				7E751F412277B258009E5A87 /* Sources */,
				7E751F3F2277B258009E5A87 /* Tests */,
				7E751E70226251EC009E5A87 /* Products */,
			);
			sourceTree = "<group>";
		};
		7E751E70226251EC009E5A87 /* Products */ = {
			isa = PBXGroup;
			children = (
				7E751E6F226251EC009E5A87 /* SwiftCMAES.app */,
				7E751E81226251EF009E5A87 /* SwiftCMAESTests.xctest */,
			);
			name = Products;
			sourceTree = "<group>";
		};
		7E751F3F2277B258009E5A87 /* Tests */ = {
			isa = PBXGroup;
			children = (
				7E751F522277B34E009E5A87 /* EigenDecompositionTests.swift */,
				7E751F542277B34E009E5A87 /* LinearAlgebraTests.swift */,
				7E751F532277B34E009E5A87 /* Info.plist */,
			);
			path = Tests;
			sourceTree = "<group>";
		};
		7E751F412277B258009E5A87 /* Sources */ = {
			isa = PBXGroup;
			children = (
				7E751F482277B330009E5A87 /* CMAES.swift */,
				7E751F472277B330009E5A87 /* ObjectiveEvaluator.swift */,
				7E751F4A2277B330009E5A87 /* DecomposingPositiveDefiniteMatrix.swift */,
				7E751F492277B330009E5A87 /* Double+ProbabilityDistributions.swift */,
				7E751F4B2277B330009E5A87 /* EigenDecomposition.swift */,
				7E751F462277B330009E5A87 /* Vector.swift */,
				7E751F6F2277BC32009E5A87 /* Matrix.swift */,
				7E751F712277BC7D009E5A87 /* Utilities.swift */,
			);
			path = Sources;
			sourceTree = "<group>";
		};
		7E751F432277B28E009E5A87 /* App */ = {
			isa = PBXGroup;
			children = (
				7E751F602277B369009E5A87 /* AppDelegate.swift */,
				7E751F5E2277B369009E5A87 /* ViewController.swift */,
				7E751F5F2277B369009E5A87 /* Assets.xcassets */,
				7E751F672277B384009E5A87 /* Base.lproj */,
				7E751F612277B369009E5A87 /* Info.plist */,
				7E751F5D2277B369009E5A87 /* SwiftCMAES.entitlements */,
			);
			path = App;
			sourceTree = "<group>";
		};
		7E751F672277B384009E5A87 /* Base.lproj */ = {
			isa = PBXGroup;
			children = (
				7E751F682277B384009E5A87 /* Main.storyboard */,
			);
			path = Base.lproj;
			sourceTree = "<group>";
		};
/* End PBXGroup section */

/* Begin PBXNativeTarget section */
		7E751E6E226251EC009E5A87 /* SwiftCMAES */ = {
			isa = PBXNativeTarget;
			buildConfigurationList = 7E751E8A226251EF009E5A87 /* Build configuration list for PBXNativeTarget "SwiftCMAES" */;
			buildPhases = (
				7E751E6B226251EC009E5A87 /* Sources */,
				7E751E6C226251EC009E5A87 /* Frameworks */,
				7E751E6D226251EC009E5A87 /* Resources */,
			);
			buildRules = (
			);
			dependencies = (
			);
			name = SwiftCMAES;
			productName = SwiftCMAES;
			productReference = 7E751E6F226251EC009E5A87 /* SwiftCMAES.app */;
			productType = "com.apple.product-type.application";
		};
		7E751E80226251EF009E5A87 /* SwiftCMAESTests */ = {
			isa = PBXNativeTarget;
			buildConfigurationList = 7E751E8D226251EF009E5A87 /* Build configuration list for PBXNativeTarget "SwiftCMAESTests" */;
			buildPhases = (
				7E751E7D226251EF009E5A87 /* Sources */,
				7E751E7E226251EF009E5A87 /* Frameworks */,
				7E751E7F226251EF009E5A87 /* Resources */,
			);
			buildRules = (
			);
			dependencies = (
				7E751E83226251EF009E5A87 /* PBXTargetDependency */,
			);
			name = SwiftCMAESTests;
			productName = SwiftCMAESTests;
			productReference = 7E751E81226251EF009E5A87 /* SwiftCMAESTests.xctest */;
			productType = "com.apple.product-type.bundle.unit-test";
		};
/* End PBXNativeTarget section */

/* Begin PBXProject section */
		7E751E67226251EC009E5A87 /* Project object */ = {
			isa = PBXProject;
			attributes = {
				LastSwiftUpdateCheck = 1020;
				LastUpgradeCheck = 1020;
				ORGANIZATIONNAME = "Santiago Gonzalez";
				TargetAttributes = {
					7E751E6E226251EC009E5A87 = {
						CreatedOnToolsVersion = 10.2;
						SystemCapabilities = {
							com.apple.Sandbox = {
								enabled = 1;
							};
						};
					};
					7E751E80226251EF009E5A87 = {
						CreatedOnToolsVersion = 10.2;
						TestTargetID = 7E751E6E226251EC009E5A87;
					};
				};
			};
			buildConfigurationList = 7E751E6A226251EC009E5A87 /* Build configuration list for PBXProject "SwiftCMA" */;
			compatibilityVersion = "Xcode 9.3";
			developmentRegion = en;
			hasScannedForEncodings = 0;
			knownRegions = (
				en,
				Base,
			);
			mainGroup = 7E751E66226251EC009E5A87;
			productRefGroup = 7E751E70226251EC009E5A87 /* Products */;
			projectDirPath = "";
			projectRoot = "";
			targets = (
				7E751E6E226251EC009E5A87 /* SwiftCMAES */,
				7E751E80226251EF009E5A87 /* SwiftCMAESTests */,
			);
		};
/* End PBXProject section */

/* Begin PBXResourcesBuildPhase section */
		7E751E6D226251EC009E5A87 /* Resources */ = {
			isa = PBXResourcesBuildPhase;
			buildActionMask = 2147483647;
			files = (
				7E751F642277B369009E5A87 /* Assets.xcassets in Resources */,
				7E751F6A2277B384009E5A87 /* Main.storyboard in Resources */,
			);
			runOnlyForDeploymentPostprocessing = 0;
		};
		7E751E7F226251EF009E5A87 /* Resources */ = {
			isa = PBXResourcesBuildPhase;
			buildActionMask = 2147483647;
			files = (
			);
			runOnlyForDeploymentPostprocessing = 0;
		};
/* End PBXResourcesBuildPhase section */

/* Begin PBXSourcesBuildPhase section */
		7E751E6B226251EC009E5A87 /* Sources */ = {
			isa = PBXSourcesBuildPhase;
			buildActionMask = 2147483647;
			files = (
				7E751F652277B369009E5A87 /* AppDelegate.swift in Sources */,
				7E751F632277B369009E5A87 /* ViewController.swift in Sources */,
				7E751F702277BC32009E5A87 /* Matrix.swift in Sources */,
				7E751F4D2277B330009E5A87 /* ObjectiveEvaluator.swift in Sources */,
				7E751F502277B330009E5A87 /* DecomposingPositiveDefiniteMatrix.swift in Sources */,
				7E751F512277B330009E5A87 /* EigenDecomposition.swift in Sources */,
				7E751F4C2277B330009E5A87 /* Vector.swift in Sources */,
				7E751F4F2277B330009E5A87 /* Double+ProbabilityDistributions.swift in Sources */,
				7E751F722277BC7D009E5A87 /* Utilities.swift in Sources */,
				7E751F4E2277B330009E5A87 /* CMAES.swift in Sources */,
			);
			runOnlyForDeploymentPostprocessing = 0;
		};
		7E751E7D226251EF009E5A87 /* Sources */ = {
			isa = PBXSourcesBuildPhase;
			buildActionMask = 2147483647;
			files = (
				7E751F6D2277B3AC009E5A87 /* LinearAlgebraTests.swift in Sources */,
				7E751F6C2277B3AC009E5A87 /* EigenDecompositionTests.swift in Sources */,
			);
			runOnlyForDeploymentPostprocessing = 0;
		};
/* End PBXSourcesBuildPhase section */

/* Begin PBXTargetDependency section */
		7E751E83226251EF009E5A87 /* PBXTargetDependency */ = {
			isa = PBXTargetDependency;
			target = 7E751E6E226251EC009E5A87 /* SwiftCMAES */;
			targetProxy = 7E751E82226251EF009E5A87 /* PBXContainerItemProxy */;
		};
/* End PBXTargetDependency section */

/* Begin PBXVariantGroup section */
		7E751F682277B384009E5A87 /* Main.storyboard */ = {
			isa = PBXVariantGroup;
			children = (
				7E751F692277B384009E5A87 /* Base */,
			);
			name = Main.storyboard;
			sourceTree = "<group>";
		};
/* End PBXVariantGroup section */

/* Begin XCBuildConfiguration section */
		7E751E88226251EF009E5A87 /* Debug */ = {
			isa = XCBuildConfiguration;
			buildSettings = {
				ALWAYS_SEARCH_USER_PATHS = NO;
				CLANG_ANALYZER_NONNULL = YES;
				CLANG_ANALYZER_NUMBER_OBJECT_CONVERSION = YES_AGGRESSIVE;
				CLANG_CXX_LANGUAGE_STANDARD = "gnu++14";
				CLANG_CXX_LIBRARY = "libc++";
				CLANG_ENABLE_MODULES = YES;
				CLANG_ENABLE_OBJC_ARC = YES;
				CLANG_ENABLE_OBJC_WEAK = YES;
				CLANG_WARN_BLOCK_CAPTURE_AUTORELEASING = YES;
				CLANG_WARN_BOOL_CONVERSION = YES;
				CLANG_WARN_COMMA = YES;
				CLANG_WARN_CONSTANT_CONVERSION = YES;
				CLANG_WARN_DEPRECATED_OBJC_IMPLEMENTATIONS = YES;
				CLANG_WARN_DIRECT_OBJC_ISA_USAGE = YES_ERROR;
				CLANG_WARN_DOCUMENTATION_COMMENTS = YES;
				CLANG_WARN_EMPTY_BODY = YES;
				CLANG_WARN_ENUM_CONVERSION = YES;
				CLANG_WARN_INFINITE_RECURSION = YES;
				CLANG_WARN_INT_CONVERSION = YES;
				CLANG_WARN_NON_LITERAL_NULL_CONVERSION = YES;
				CLANG_WARN_OBJC_IMPLICIT_RETAIN_SELF = YES;
				CLANG_WARN_OBJC_LITERAL_CONVERSION = YES;
				CLANG_WARN_OBJC_ROOT_CLASS = YES_ERROR;
				CLANG_WARN_RANGE_LOOP_ANALYSIS = YES;
				CLANG_WARN_STRICT_PROTOTYPES = YES;
				CLANG_WARN_SUSPICIOUS_MOVE = YES;
				CLANG_WARN_UNGUARDED_AVAILABILITY = YES_AGGRESSIVE;
				CLANG_WARN_UNREACHABLE_CODE = YES;
				CLANG_WARN__DUPLICATE_METHOD_MATCH = YES;
				CODE_SIGN_IDENTITY = "Mac Developer";
				COPY_PHASE_STRIP = NO;
				DEBUG_INFORMATION_FORMAT = dwarf;
				ENABLE_STRICT_OBJC_MSGSEND = YES;
				ENABLE_TESTABILITY = YES;
				GCC_C_LANGUAGE_STANDARD = gnu11;
				GCC_DYNAMIC_NO_PIC = NO;
				GCC_NO_COMMON_BLOCKS = YES;
				GCC_OPTIMIZATION_LEVEL = 0;
				GCC_PREPROCESSOR_DEFINITIONS = (
					"DEBUG=1",
					"$(inherited)",
				);
				GCC_WARN_64_TO_32_BIT_CONVERSION = YES;
				GCC_WARN_ABOUT_RETURN_TYPE = YES_ERROR;
				GCC_WARN_UNDECLARED_SELECTOR = YES;
				GCC_WARN_UNINITIALIZED_AUTOS = YES_AGGRESSIVE;
				GCC_WARN_UNUSED_FUNCTION = YES;
				GCC_WARN_UNUSED_VARIABLE = YES;
				MACOSX_DEPLOYMENT_TARGET = 10.14;
				MTL_ENABLE_DEBUG_INFO = INCLUDE_SOURCE;
				MTL_FAST_MATH = YES;
				ONLY_ACTIVE_ARCH = YES;
				SDKROOT = macosx;
				SWIFT_ACTIVE_COMPILATION_CONDITIONS = DEBUG;
				SWIFT_OPTIMIZATION_LEVEL = "-Onone";
			};
			name = Debug;
		};
		7E751E89226251EF009E5A87 /* Release */ = {
			isa = XCBuildConfiguration;
			buildSettings = {
				ALWAYS_SEARCH_USER_PATHS = NO;
				CLANG_ANALYZER_NONNULL = YES;
				CLANG_ANALYZER_NUMBER_OBJECT_CONVERSION = YES_AGGRESSIVE;
				CLANG_CXX_LANGUAGE_STANDARD = "gnu++14";
				CLANG_CXX_LIBRARY = "libc++";
				CLANG_ENABLE_MODULES = YES;
				CLANG_ENABLE_OBJC_ARC = YES;
				CLANG_ENABLE_OBJC_WEAK = YES;
				CLANG_WARN_BLOCK_CAPTURE_AUTORELEASING = YES;
				CLANG_WARN_BOOL_CONVERSION = YES;
				CLANG_WARN_COMMA = YES;
				CLANG_WARN_CONSTANT_CONVERSION = YES;
				CLANG_WARN_DEPRECATED_OBJC_IMPLEMENTATIONS = YES;
				CLANG_WARN_DIRECT_OBJC_ISA_USAGE = YES_ERROR;
				CLANG_WARN_DOCUMENTATION_COMMENTS = YES;
				CLANG_WARN_EMPTY_BODY = YES;
				CLANG_WARN_ENUM_CONVERSION = YES;
				CLANG_WARN_INFINITE_RECURSION = YES;
				CLANG_WARN_INT_CONVERSION = YES;
				CLANG_WARN_NON_LITERAL_NULL_CONVERSION = YES;
				CLANG_WARN_OBJC_IMPLICIT_RETAIN_SELF = YES;
				CLANG_WARN_OBJC_LITERAL_CONVERSION = YES;
				CLANG_WARN_OBJC_ROOT_CLASS = YES_ERROR;
				CLANG_WARN_RANGE_LOOP_ANALYSIS = YES;
				CLANG_WARN_STRICT_PROTOTYPES = YES;
				CLANG_WARN_SUSPICIOUS_MOVE = YES;
				CLANG_WARN_UNGUARDED_AVAILABILITY = YES_AGGRESSIVE;
				CLANG_WARN_UNREACHABLE_CODE = YES;
				CLANG_WARN__DUPLICATE_METHOD_MATCH = YES;
				CODE_SIGN_IDENTITY = "Mac Developer";
				COPY_PHASE_STRIP = NO;
				DEBUG_INFORMATION_FORMAT = "dwarf-with-dsym";
				ENABLE_NS_ASSERTIONS = NO;
				ENABLE_STRICT_OBJC_MSGSEND = YES;
				GCC_C_LANGUAGE_STANDARD = gnu11;
				GCC_NO_COMMON_BLOCKS = YES;
				GCC_WARN_64_TO_32_BIT_CONVERSION = YES;
				GCC_WARN_ABOUT_RETURN_TYPE = YES_ERROR;
				GCC_WARN_UNDECLARED_SELECTOR = YES;
				GCC_WARN_UNINITIALIZED_AUTOS = YES_AGGRESSIVE;
				GCC_WARN_UNUSED_FUNCTION = YES;
				GCC_WARN_UNUSED_VARIABLE = YES;
				MACOSX_DEPLOYMENT_TARGET = 10.14;
				MTL_ENABLE_DEBUG_INFO = NO;
				MTL_FAST_MATH = YES;
				SDKROOT = macosx;
				SWIFT_COMPILATION_MODE = wholemodule;
				SWIFT_OPTIMIZATION_LEVEL = "-O";
			};
			name = Release;
		};
		7E751E8B226251EF009E5A87 /* Debug */ = {
			isa = XCBuildConfiguration;
			buildSettings = {
				ASSETCATALOG_COMPILER_APPICON_NAME = AppIcon;
				CODE_SIGN_ENTITLEMENTS = App/SwiftCMAES.entitlements;
				CODE_SIGN_IDENTITY = "Mac Developer";
				CODE_SIGN_STYLE = Automatic;
				COMBINE_HIDPI_IMAGES = YES;
				DEVELOPMENT_TEAM = 28CKN66NP3;
				INFOPLIST_FILE = App/Info.plist;
				LD_RUNPATH_SEARCH_PATHS = (
					"$(inherited)",
					"@executable_path/../Frameworks",
				);
				PRODUCT_BUNDLE_IDENTIFIER = com.santiagogonzalez.SwiftCMAES;
				PRODUCT_NAME = "$(TARGET_NAME)";
				PROVISIONING_PROFILE_SPECIFIER = "";
				SWIFT_VERSION = 5.0;
			};
			name = Debug;
		};
		7E751E8C226251EF009E5A87 /* Release */ = {
			isa = XCBuildConfiguration;
			buildSettings = {
				ASSETCATALOG_COMPILER_APPICON_NAME = AppIcon;
				CODE_SIGN_ENTITLEMENTS = App/SwiftCMAES.entitlements;
				CODE_SIGN_IDENTITY = "Mac Developer";
				CODE_SIGN_STYLE = Automatic;
				COMBINE_HIDPI_IMAGES = YES;
				DEVELOPMENT_TEAM = 28CKN66NP3;
				INFOPLIST_FILE = App/Info.plist;
				LD_RUNPATH_SEARCH_PATHS = (
					"$(inherited)",
					"@executable_path/../Frameworks",
				);
				PRODUCT_BUNDLE_IDENTIFIER = com.santiagogonzalez.SwiftCMAES;
				PRODUCT_NAME = "$(TARGET_NAME)";
				PROVISIONING_PROFILE_SPECIFIER = "";
				SWIFT_VERSION = 5.0;
			};
			name = Release;
		};
		7E751E8E226251EF009E5A87 /* Debug */ = {
			isa = XCBuildConfiguration;
			buildSettings = {
				ALWAYS_EMBED_SWIFT_STANDARD_LIBRARIES = YES;
				BUNDLE_LOADER = "$(TEST_HOST)";
				CODE_SIGN_STYLE = Automatic;
				COMBINE_HIDPI_IMAGES = YES;
				DEVELOPMENT_TEAM = 28CKN66NP3;
				INFOPLIST_FILE = Tests/Info.plist;
				LD_RUNPATH_SEARCH_PATHS = (
					"$(inherited)",
					"@executable_path/../Frameworks",
					"@loader_path/../Frameworks",
				);
				PRODUCT_BUNDLE_IDENTIFIER = com.santiagogonzalez.SwiftCMAESTests;
				PRODUCT_NAME = "$(TARGET_NAME)";
				SWIFT_VERSION = 5.0;
				TEST_HOST = "$(BUILT_PRODUCTS_DIR)/SwiftCMAES.app/Contents/MacOS/SwiftCMAES";
			};
			name = Debug;
		};
		7E751E8F226251EF009E5A87 /* Release */ = {
			isa = XCBuildConfiguration;
			buildSettings = {
				ALWAYS_EMBED_SWIFT_STANDARD_LIBRARIES = YES;
				BUNDLE_LOADER = "$(TEST_HOST)";
				CODE_SIGN_STYLE = Automatic;
				COMBINE_HIDPI_IMAGES = YES;
				DEVELOPMENT_TEAM = 28CKN66NP3;
				INFOPLIST_FILE = Tests/Info.plist;
				LD_RUNPATH_SEARCH_PATHS = (
					"$(inherited)",
					"@executable_path/../Frameworks",
					"@loader_path/../Frameworks",
				);
				PRODUCT_BUNDLE_IDENTIFIER = com.santiagogonzalez.SwiftCMAESTests;
				PRODUCT_NAME = "$(TARGET_NAME)";
				SWIFT_VERSION = 5.0;
				TEST_HOST = "$(BUILT_PRODUCTS_DIR)/SwiftCMAES.app/Contents/MacOS/SwiftCMAES";
			};
			name = Release;
		};
/* End XCBuildConfiguration section */

/* Begin XCConfigurationList section */
		7E751E6A226251EC009E5A87 /* Build configuration list for PBXProject "SwiftCMA" */ = {
			isa = XCConfigurationList;
			buildConfigurations = (
				7E751E88226251EF009E5A87 /* Debug */,
				7E751E89226251EF009E5A87 /* Release */,
			);
			defaultConfigurationIsVisible = 0;
			defaultConfigurationName = Release;
		};
		7E751E8A226251EF009E5A87 /* Build configuration list for PBXNativeTarget "SwiftCMAES" */ = {
			isa = XCConfigurationList;
			buildConfigurations = (
				7E751E8B226251EF009E5A87 /* Debug */,
				7E751E8C226251EF009E5A87 /* Release */,
			);
			defaultConfigurationIsVisible = 0;
			defaultConfigurationName = Release;
		};
		7E751E8D226251EF009E5A87 /* Build configuration list for PBXNativeTarget "SwiftCMAESTests" */ = {
			isa = XCConfigurationList;
			buildConfigurations = (
				7E751E8E226251EF009E5A87 /* Debug */,
				7E751E8F226251EF009E5A87 /* Release */,
			);
			defaultConfigurationIsVisible = 0;
			defaultConfigurationName = Release;
		};
/* End XCConfigurationList section */
	};
	rootObject = 7E751E67226251EC009E5A87 /* Project object */;
}
